{
  "requires": true,
  "lockfileVersion": 1,
  "dependencies": {
    "trello": {
      "version": "0.9.0",
      "resolved": "https://registry.npmjs.org/trello/-/trello-0.9.0.tgz",
      "integrity": "sha512-nEJG3zO6oqYE1PIYiBZfkS+mY4iZ+s5ljpR1ONzCoXIWhxgSqzJa97odVna1iJYNOZNOx65T/O6wJaBftENVvA==",
      "requires": {
        "es6-promise": "3.0.2",
        "object-assign": "4.1.1",
        "restler": "3.3.0"
      }
    }
  }
}
